
Microsoft Visual Studio Solution File, Format Version 12.00
# Visual Studio Version 17
VisualStudioVersion = 17.5.33627.172
MinimumVisualStudioVersion = 10.0.40219.1
Project("{FAE04EC0-301F-11D3-BF4B-00C04F79EFBC}") = "FanControl.NzxtKraken", "FanControl.NzxtKraken.csproj", "{384B9B12-CF9F-45C4-8E78-AD80D5F23EA5}"
EndProject
Global
	GlobalSection(SolutionConfigurationPlatforms) = preSolution
		Debug|Any CPU = Debug|Any CPU
		Release|Any CPU = Release|Any CPU
	EndGlobalSection
	GlobalSection(ProjectConfigurationPlatforms) = postSolution
		{384B9B12-CF9F-45C4-8E78-AD80D5F23EA5}.Debug|Any CPU.ActiveCfg = Debug|Any CPU
		{384B9B12-CF9F-45C4-8E78-AD80D5F23EA5}.Debug|Any CPU.Build.0 = Debug|Any CPU
		{384B9B12-CF9F-45C4-8E78-AD80D5F23EA5}.Release|Any CPU.ActiveCfg = Release|Any CPU
		{384B9B12-CF9F-45C4-8E78-AD80D5F23EA5}.Release|Any CPU.Build.0 = Release|Any CPU
	EndGlobalSection
	GlobalSection(SolutionProperties) = preSolution
		HideSolutionNode = FALSE
	EndGlobalSection
	GlobalSection(ExtensibilityGlobals) = postSolution
		SolutionGuid = {DAE54C61-D13C-453E-B469-B00821493789}
	EndGlobalSection
EndGlobal
